
Microsoft Visual Studio Solution File, Format Version 12.00
# Visual Studio Version 16
VisualStudioVersion = 16.0.29503.13
MinimumVisualStudioVersion = 10.0.40219.1
Project("{8BC9CEB8-8B4A-11D0-8D11-00A0C91BC942}") = "Nao", "Nao\Nao.vcxproj", "{FAA9B3E5-7D49-41FA-BCCA-5140067810B9}"
EndProject
Project("{8BC9CEB8-8B4A-11D0-8D11-00A0C91BC942}") = "revorb-patch", "revorb-patch\revorb-patch.vcxproj", "{C247EE3C-E7A3-4E4E-821C-92BFD8F37946}"
EndProject
Global
	GlobalSection(SolutionConfigurationPlatforms) = preSolution
		Debug|x64 = Debug|x64
		Release|x64 = Release|x64
	EndGlobalSection
	GlobalSection(ProjectConfigurationPlatforms) = postSolution
		{FAA9B3E5-7D49-41FA-BCCA-5140067810B9}.Debug|x64.ActiveCfg = Debug|x64
		{FAA9B3E5-7D49-41FA-BCCA-5140067810B9}.Debug|x64.Build.0 = Debug|x64
		{FAA9B3E5-7D49-41FA-BCCA-5140067810B9}.Release|x64.ActiveCfg = Debug|x64
		{FAA9B3E5-7D49-41FA-BCCA-5140067810B9}.Release|x64.Build.0 = Debug|x64
		{C247EE3C-E7A3-4E4E-821C-92BFD8F37946}.Debug|x64.ActiveCfg = Debug|x64
		{C247EE3C-E7A3-4E4E-821C-92BFD8F37946}.Release|x64.ActiveCfg = Debug|x64
	EndGlobalSection
	GlobalSection(SolutionProperties) = preSolution
		HideSolutionNode = FALSE
	EndGlobalSection
	GlobalSection(ExtensibilityGlobals) = postSolution
		SolutionGuid = {379A8457-5359-413D-9622-4568500906DB}
	EndGlobalSection
EndGlobal
