<?xml version="1.0" encoding="utf-8"?>
<Project ToolsVersion="4.0" xmlns="http://schemas.microsoft.com/developer/msbuild/2003">
  <ItemGroup>
    <Filter Include="Header Files">
      <UniqueIdentifier>{93995380-89BD-4b04-88EB-625FBE52EBFB}</UniqueIdentifier>
      <Extensions>h;hh;hpp;hxx;hm;inl;inc;ipp;xsd</Extensions>
    </Filter>
    <Filter Include="Resource Files">
      <UniqueIdentifier>{67DA6AB6-F800-4c08-8B7A-83BB121AAD01}</UniqueIdentifier>
      <Extensions>rc;ico;cur;bmp;dlg;rc2;rct;bin;rgs;gif;jpg;jpeg;jpe;resx;tiff;tif;png;wav;mfcribbon-ms</Extensions>
    </Filter>
    <Filter Include="Source Files">
      <UniqueIdentifier>{4FC737F1-C7A5-4376-A066-2A32D752A2FF}</UniqueIdentifier>
      <Extensions>cpp;c;cc;cxx;def;odl;idl;hpj;bat;asm;asmx</Extensions>
    </Filter>
    <Filter Include="Source Files\MVC">
      <UniqueIdentifier>{2ad79b26-96a0-486d-b792-a3d402196ee5}</UniqueIdentifier>
    </Filter>
    <Filter Include="Header Files\MVC">
      <UniqueIdentifier>{f252b3c8-f375-4b08-9943-da99b89365ce}</UniqueIdentifier>
    </Filter>
    <Filter Include="Header Files\Utils">
      <UniqueIdentifier>{c3a0f6fc-7f31-4972-9f64-782a1c2706a3}</UniqueIdentifier>
    </Filter>
    <Filter Include="Source Files\UI">
      <UniqueIdentifier>{89003a4a-5248-4616-9afa-fb65b4280843}</UniqueIdentifier>
    </Filter>
    <Filter Include="Header Files\UI">
      <UniqueIdentifier>{6db671ff-731c-47aa-b4ab-45f6e107a01d}</UniqueIdentifier>
    </Filter>
    <Filter Include="Source Files\Utils">
      <UniqueIdentifier>{c2161910-7b5b-4cd3-992e-ec6429a9a945}</UniqueIdentifier>
    </Filter>
    <Filter Include="Source Files\UI\Generic">
      <UniqueIdentifier>{4e2c6c3c-f63e-4061-9802-c7244f89021a}</UniqueIdentifier>
    </Filter>
    <Filter Include="Header Files\UI\Generic">
      <UniqueIdentifier>{efaeaabb-91b7-44fe-9e04-c91d6a202d74}</UniqueIdentifier>
    </Filter>
    <Filter Include="Header Files\Win32">
      <UniqueIdentifier>{6cd5ce9c-f9f3-48c5-ae34-4114ebe74c90}</UniqueIdentifier>
    </Filter>
    <Filter Include="Source Files\Win32">
      <UniqueIdentifier>{54b97e0b-875d-4ad2-855a-538aeb08c40e}</UniqueIdentifier>
    </Filter>
    <Filter Include="Source Files\AV">
      <UniqueIdentifier>{415411cb-3be5-418a-85b6-20ce4f2d382e}</UniqueIdentifier>
    </Filter>
    <Filter Include="Source Files\AV\PCM">
      <UniqueIdentifier>{611a37e7-7889-455c-88c7-5a08b6ab7667}</UniqueIdentifier>
    </Filter>
    <Filter Include="Header Files\AV">
      <UniqueIdentifier>{c0bb5c46-0cd2-44c6-9faf-80ca93dd1fd6}</UniqueIdentifier>
    </Filter>
    <Filter Include="Header Files\AV\PCM">
      <UniqueIdentifier>{f2149310-c12a-47dd-8aef-7445531fe63a}</UniqueIdentifier>
    </Filter>
    <Filter Include="Header Files\Handlers">
      <UniqueIdentifier>{95b82214-85e9-4b06-8a41-c20073b67c70}</UniqueIdentifier>
    </Filter>
    <Filter Include="Source Files\Handlers">
      <UniqueIdentifier>{4376c9b5-a2e0-4813-81c6-719d0637ad89}</UniqueIdentifier>
    </Filter>
    <Filter Include="Header Files\Utils\IO">
      <UniqueIdentifier>{02eca16e-5594-4564-b9a0-de731bd903f6}</UniqueIdentifier>
    </Filter>
    <Filter Include="Source Files\Utils\IO">
      <UniqueIdentifier>{0ddc0085-1530-465e-b35c-8414eae699d0}</UniqueIdentifier>
    </Filter>
    <Filter Include="Header Files\AV\Codec">
      <UniqueIdentifier>{54d1add7-b6d1-4d24-b30b-d3c9e1778db5}</UniqueIdentifier>
    </Filter>
    <Filter Include="Source Files\AV\Codec">
      <UniqueIdentifier>{20d3ef5f-aaf4-448f-874c-69a3722a43ec}</UniqueIdentifier>
    </Filter>
    <Filter Include="Header Files\AV\Image">
      <UniqueIdentifier>{d7a9fd2c-326f-41d8-8b2e-a69bbc4a742c}</UniqueIdentifier>
    </Filter>
    <Filter Include="Source Files\AV\Image">
      <UniqueIdentifier>{4577d43f-005e-42e6-9a16-ad6be1558d1f}</UniqueIdentifier>
    </Filter>
  </ItemGroup>
  <ItemGroup>
    <ResourceCompile Include="Nao.rc">
      <Filter>Resource Files</Filter>
    </ResourceCompile>
  </ItemGroup>
  <ItemGroup>
    <Image Include="Nao.ico">
      <Filter>Resource Files</Filter>
    </Image>
  </ItemGroup>
  <ItemGroup>
    <ClInclude Include="nao_view.h">
      <Filter>Header Files\MVC</Filter>
    </ClInclude>
    <ClInclude Include="nao_model.h">
      <Filter>Header Files\MVC</Filter>
    </ClInclude>
    <ClInclude Include="nao_controller.h">
      <Filter>Header Files\MVC</Filter>
    </ClInclude>
    <ClInclude Include="steam_utils.h">
      <Filter>Header Files\Utils</Filter>
    </ClInclude>
    <ClInclude Include="utils.h">
      <Filter>Header Files\Utils</Filter>
    </ClInclude>
    <ClInclude Include="thread_pool.h">
      <Filter>Header Files\Utils</Filter>
    </ClInclude>
    <ClInclude Include="vdf_parser.h">
      <Filter>Header Files\Utils</Filter>
    </ClInclude>
    <ClInclude Include="left_window.h">
      <Filter>Header Files\UI</Filter>
    </ClInclude>
    <ClInclude Include="main_window.h">
      <Filter>Header Files\UI</Filter>
    </ClInclude>
    <ClInclude Include="right_window.h">
      <Filter>Header Files\UI</Filter>
    </ClInclude>
    <ClInclude Include="item_data.h">
      <Filter>Header Files\Utils</Filter>
    </ClInclude>
    <ClInclude Include="auto_wrapper.h">
      <Filter>Header Files\Utils</Filter>
    </ClInclude>
    <ClInclude Include="resource.h">
      <Filter>Header Files\Utils</Filter>
    </ClInclude>
    <ClInclude Include="dimensions.h">
      <Filter>Header Files\Utils</Filter>
    </ClInclude>
    <ClInclude Include="push_button.h">
      <Filter>Header Files\UI\Generic</Filter>
    </ClInclude>
    <ClInclude Include="list_view.h">
      <Filter>Header Files\UI\Generic</Filter>
    </ClInclude>
    <ClInclude Include="line_edit.h">
      <Filter>Header Files\UI\Generic</Filter>
    </ClInclude>
    <ClInclude Include="ui_element.h">
      <Filter>Header Files\UI\Generic</Filter>
    </ClInclude>
    <ClInclude Include="dynamic_library.h">
      <Filter>Header Files\Win32</Filter>
    </ClInclude>
    <ClInclude Include="icon.h">
      <Filter>Header Files\Win32</Filter>
    </ClInclude>
    <ClInclude Include="filesystem_utils.h">
      <Filter>Header Files\Utils</Filter>
    </ClInclude>
    <ClInclude Include="file_info.h">
      <Filter>Header Files\Win32</Filter>
    </ClInclude>
    <ClInclude Include="drive_list.h">
      <Filter>Header Files\Win32</Filter>
    </ClInclude>
    <ClInclude Include="concepts.h">
      <Filter>Header Files\Utils</Filter>
    </ClInclude>
    <ClInclude Include="preview.h">
      <Filter>Header Files\UI</Filter>
    </ClInclude>
    <ClInclude Include="slider.h">
      <Filter>Header Files\UI\Generic</Filter>
    </ClInclude>
    <ClInclude Include="label.h">
      <Filter>Header Files\UI\Generic</Filter>
    </ClInclude>
    <ClInclude Include="seekable_progress_bar.h">
      <Filter>Header Files\UI\Generic</Filter>
    </ClInclude>
    <ClInclude Include="separator.h">
      <Filter>Header Files\UI\Generic</Filter>
    </ClInclude>
    <ClInclude Include="frameworks.h">
      <Filter>Header Files\Win32</Filter>
    </ClInclude>
    <ClInclude Include="pcm_provider.h">
      <Filter>Header Files\AV\PCM</Filter>
    </ClInclude>
    <ClInclude Include="ogg_pcm_provider.h">
      <Filter>Header Files\AV\PCM</Filter>
    </ClInclude>
    <ClInclude Include="audio_player.h">
      <Filter>Header Files\AV</Filter>
    </ClInclude>
    <ClInclude Include="file_handler.h">
      <Filter>Header Files\Handlers</Filter>
    </ClInclude>
    <ClInclude Include="file_handler_factory.h">
      <Filter>Header Files\Utils</Filter>
    </ClInclude>
    <ClInclude Include="filesystem_handler.h">
      <Filter>Header Files\Handlers</Filter>
    </ClInclude>
    <ClInclude Include="ogg_handler.h">
      <Filter>Header Files\Handlers</Filter>
    </ClInclude>
    <ClInclude Include="wav_handler.h">
      <Filter>Header Files\Handlers</Filter>
    </ClInclude>
    <ClInclude Include="wsp_handler.h">
      <Filter>Header Files\Handlers</Filter>
    </ClInclude>
    <ClInclude Include="wav_pcm_provider.h">
      <Filter>Header Files\AV\PCM</Filter>
    </ClInclude>
    <ClInclude Include="flac_handler.h">
      <Filter>Header Files\Handlers</Filter>
    </ClInclude>
    <ClInclude Include="flac_pcm_provider.h">
      <Filter>Header Files\AV\PCM</Filter>
    </ClInclude>
    <ClInclude Include="wem_handler.h">
      <Filter>Header Files\Handlers</Filter>
    </ClInclude>
    <ClInclude Include="riff.h">
      <Filter>Header Files\Utils</Filter>
    </ClInclude>
    <ClInclude Include="wem_pcm_provider.h">
      <Filter>Header Files\AV\PCM</Filter>
    </ClInclude>
    <ClInclude Include="binary_stream.h">
      <Filter>Header Files\Utils\IO</Filter>
    </ClInclude>
    <ClInclude Include="byte_array_streambuf.h">
      <Filter>Header Files\Utils\IO</Filter>
    </ClInclude>
    <ClInclude Include="namespaces.h">
      <Filter>Header Files\Utils</Filter>
    </ClInclude>
    <ClInclude Include="vorbis_decoder.h">
      <Filter>Header Files\AV\Codec</Filter>
    </ClInclude>
    <ClInclude Include="opus_decoder.h">
      <Filter>Header Files\AV\Codec</Filter>
    </ClInclude>
    <ClInclude Include="opus_vorbis_decoder.h">
      <Filter>Header Files\AV\Codec</Filter>
    </ClInclude>
    <ClInclude Include="wwriff.h">
      <Filter>Header Files\AV\Codec</Filter>
    </ClInclude>
    <ClInclude Include="ogg_stream.h">
      <Filter>Header Files\AV\Codec</Filter>
    </ClInclude>
    <ClInclude Include="vorbis_encoder.h">
      <Filter>Header Files\AV\Codec</Filter>
    </ClInclude>
    <ClInclude Include="partial_file_streambuf.h">
      <Filter>Header Files\Utils\IO</Filter>
    </ClInclude>
    <ClInclude Include="image_provider.h">
      <Filter>Header Files\AV\Image</Filter>
    </ClInclude>
    <ClInclude Include="wic_image_provider.h">
      <Filter>Header Files\AV\Image</Filter>
    </ClInclude>
    <ClInclude Include="wic_handler.h">
      <Filter>Header Files\Handlers</Filter>
    </ClInclude>
    <ClInclude Include="wic.h">
      <Filter>Header Files\Win32</Filter>
    </ClInclude>
    <ClInclude Include="direct2d.h">
      <Filter>Header Files\Win32</Filter>
    </ClInclude>
    <ClInclude Include="direct2d_image_display.h">
      <Filter>Header Files\UI\Generic</Filter>
    </ClInclude>
    <ClInclude Include="media_foundation_handler.h">
      <Filter>Header Files\Handlers</Filter>
    </ClInclude>
    <ClInclude Include="mf.h">
      <Filter>Header Files\Win32</Filter>
    </ClInclude>
    <ClInclude Include="com.h">
      <Filter>Header Files\Win32</Filter>
    </ClInclude>
    <ClInclude Include="win32.h">
      <Filter>Header Files\Win32</Filter>
    </ClInclude>
  </ItemGroup>
  <ItemGroup>
    <ClCompile Include="nao.cpp">
      <Filter>Source Files</Filter>
    </ClCompile>
    <ClCompile Include="nao_controller.cpp">
      <Filter>Source Files\MVC</Filter>
    </ClCompile>
    <ClCompile Include="nao_model.cpp">
      <Filter>Source Files\MVC</Filter>
    </ClCompile>
    <ClCompile Include="nao_view.cpp">
      <Filter>Source Files\MVC</Filter>
    </ClCompile>
    <ClCompile Include="left_window.cpp">
      <Filter>Source Files\UI</Filter>
    </ClCompile>
    <ClCompile Include="main_window.cpp">
      <Filter>Source Files\UI</Filter>
    </ClCompile>
    <ClCompile Include="right_window.cpp">
      <Filter>Source Files\UI</Filter>
    </ClCompile>
    <ClCompile Include="utils.cpp">
      <Filter>Source Files\Utils</Filter>
    </ClCompile>
    <ClCompile Include="thread_pool.cpp">
      <Filter>Source Files\Utils</Filter>
    </ClCompile>
    <ClCompile Include="steam_utils.cpp">
      <Filter>Source Files\Utils</Filter>
    </ClCompile>
    <ClCompile Include="auto_wrapper.cpp">
      <Filter>Source Files\Utils</Filter>
    </ClCompile>
    <ClCompile Include="push_button.cpp">
      <Filter>Source Files\UI\Generic</Filter>
    </ClCompile>
    <ClCompile Include="list_view.cpp">
      <Filter>Source Files\UI\Generic</Filter>
    </ClCompile>
    <ClCompile Include="line_edit.cpp">
      <Filter>Source Files\UI\Generic</Filter>
    </ClCompile>
    <ClCompile Include="ui_element.cpp">
      <Filter>Source Files\UI\Generic</Filter>
    </ClCompile>
    <ClCompile Include="dynamic_library.cpp">
      <Filter>Source Files\Win32</Filter>
    </ClCompile>
    <ClCompile Include="icon.cpp">
      <Filter>Source Files\Win32</Filter>
    </ClCompile>
    <ClCompile Include="filesystem_utils.cpp">
      <Filter>Source Files\Utils</Filter>
    </ClCompile>
    <ClCompile Include="file_info.cpp">
      <Filter>Source Files\Win32</Filter>
    </ClCompile>
    <ClCompile Include="drive_list.cpp">
      <Filter>Source Files\Win32</Filter>
    </ClCompile>
    <ClCompile Include="item_data.cpp">
      <Filter>Source Files\Utils</Filter>
    </ClCompile>
    <ClCompile Include="preview.cpp">
      <Filter>Source Files\UI</Filter>
    </ClCompile>
    <ClCompile Include="slider.cpp">
      <Filter>Source Files\UI\Generic</Filter>
    </ClCompile>
    <ClCompile Include="label.cpp">
      <Filter>Source Files\UI\Generic</Filter>
    </ClCompile>
    <ClCompile Include="seekable_progress_bar.cpp">
      <Filter>Source Files\UI\Generic</Filter>
    </ClCompile>
    <ClCompile Include="separator.cpp">
      <Filter>Source Files\UI\Generic</Filter>
    </ClCompile>
    <ClCompile Include="pcm_provider.cpp">
      <Filter>Source Files\AV\PCM</Filter>
    </ClCompile>
    <ClCompile Include="ogg_pcm_provider.cpp">
      <Filter>Source Files\AV\PCM</Filter>
    </ClCompile>
    <ClCompile Include="audio_player.cpp">
      <Filter>Source Files\AV</Filter>
    </ClCompile>
    <ClCompile Include="file_handler.cpp">
      <Filter>Source Files\Handlers</Filter>
    </ClCompile>
    <ClCompile Include="file_handler_factory.cpp">
      <Filter>Source Files\Utils</Filter>
    </ClCompile>
    <ClCompile Include="filesystem_handler.cpp">
      <Filter>Source Files\Handlers</Filter>
    </ClCompile>
    <ClCompile Include="ogg_handler.cpp">
      <Filter>Source Files\Handlers</Filter>
    </ClCompile>
    <ClCompile Include="wav_handler.cpp">
      <Filter>Source Files\Handlers</Filter>
    </ClCompile>
    <ClCompile Include="wsp_handler.cpp">
      <Filter>Source Files\Handlers</Filter>
    </ClCompile>
    <ClCompile Include="wav_pcm_provider.cpp">
      <Filter>Source Files\AV\PCM</Filter>
    </ClCompile>
    <ClCompile Include="flac_handler.cpp">
      <Filter>Source Files\Handlers</Filter>
    </ClCompile>
    <ClCompile Include="flac_pcm_provider.cpp">
      <Filter>Source Files\AV\PCM</Filter>
    </ClCompile>
    <ClCompile Include="wem_handler.cpp">
      <Filter>Source Files\Handlers</Filter>
    </ClCompile>
    <ClCompile Include="wem_pcm_provider.cpp">
      <Filter>Source Files\AV\PCM</Filter>
    </ClCompile>
    <ClCompile Include="binary_stream.cpp">
      <Filter>Source Files\Utils\IO</Filter>
    </ClCompile>
    <ClCompile Include="byte_array_streambuf.cpp">
      <Filter>Source Files\Utils\IO</Filter>
    </ClCompile>
    <ClCompile Include="vorbis_decoder.cpp">
      <Filter>Source Files\AV\Codec</Filter>
    </ClCompile>
    <ClCompile Include="opus_decoder.cpp">
      <Filter>Source Files\AV\Codec</Filter>
    </ClCompile>
    <ClCompile Include="opus_vorbis_decoder.cpp">
      <Filter>Source Files\AV\Codec</Filter>
    </ClCompile>
    <ClCompile Include="wwriff.cpp">
      <Filter>Source Files\AV\Codec</Filter>
    </ClCompile>
    <ClCompile Include="ogg_stream.cpp">
      <Filter>Source Files\AV\Codec</Filter>
    </ClCompile>
    <ClCompile Include="vorbis_encoder.cpp">
      <Filter>Source Files\AV\Codec</Filter>
    </ClCompile>
    <ClCompile Include="partial_file_streambuf.cpp">
      <Filter>Source Files\Utils\IO</Filter>
    </ClCompile>
    <ClCompile Include="image_provider.cpp">
      <Filter>Source Files\AV\Image</Filter>
    </ClCompile>
    <ClCompile Include="wic_image_provider.cpp">
      <Filter>Source Files\AV\Image</Filter>
    </ClCompile>
    <ClCompile Include="wic_handler.cpp">
      <Filter>Source Files\Handlers</Filter>
    </ClCompile>
    <ClCompile Include="wic.cpp">
      <Filter>Source Files\Win32</Filter>
    </ClCompile>
    <ClCompile Include="direct2d.cpp">
      <Filter>Source Files\Win32</Filter>
    </ClCompile>
    <ClCompile Include="direct2d_image_display.cpp">
      <Filter>Source Files\UI\Generic</Filter>
    </ClCompile>
    <ClCompile Include="media_foundation_handler.cpp">
      <Filter>Source Files\Handlers</Filter>
    </ClCompile>
    <ClCompile Include="mf.cpp">
      <Filter>Source Files\Win32</Filter>
    </ClCompile>
    <ClCompile Include="win32.cpp">
      <Filter>Source Files\Win32</Filter>
    </ClCompile>
  </ItemGroup>
  <ItemGroup>
    <Manifest Include="Nao.exe.manifest" />
  </ItemGroup>
  <ItemGroup>
    <None Include="..\MSVC.ruleset" />
    <None Include="packed_codebooks_aoTuV_603.bin">
      <Filter>Resource Files</Filter>
    </None>
  </ItemGroup>
</Project>